# This file is autogenerated, do not edit; changes may be undone by the next 'dep ensure'.


[[projects]]
  branch = "master"
  name = "github.com/faiface/glhf"
  packages = ["."]
  revision = "98c0391c0fd3f0b365cfe5d467ac162b79dfb002"

[[projects]]
  branch = "master"
  name = "github.com/faiface/mainthread"
  packages = ["."]
  revision = "7127dc8993886d1ce799086ff298ff99bf258fbf"

[[projects]]
  name = "github.com/faiface/pixel"
  packages = [".","imdraw","pixelgl"]
  revision = "4b7553cd73d038f46306a2f6da7a55c5c00a4da3"
  version = "v0.6"

[[projects]]
  branch = "master"
  name = "github.com/go-gl/gl"
  packages = ["v3.3-core/gl"]
  revision = "ac0d3d2af0fe995e2bb09fa6619b716b0c0fc0fa"

[[projects]]
  branch = "master"
  name = "github.com/go-gl/glfw"
  packages = ["v3.2/glfw"]
  revision = "513e4f2bf85c31fba0fc4907abd7895242ccbe50"

[[projects]]
  branch = "master"
  name = "github.com/go-gl/mathgl"
  packages = ["mgl32","mgl64"]
  revision = "4c3fc6b4bf30179013667e5d0b926e024d9a13c1"

[[projects]]
  name = "github.com/pkg/errors"
  packages = ["."]
  revision = "645ef00459ed84a119197bfb8d8205042c6df63d"
  version = "v0.8.0"

[[projects]]
  branch = "master"
  name = "golang.org/x/image"
  packages = ["colornames","math/f32","math/f64"]
  revision = "f7e31b4ea2e3413ab91b4e7d2dc83e5f8d19a44c"

[[projects]]
  branch = "master"
  name = "golang.org/x/net"
  packages = ["html","html/atom"]
  revision = "c73622c77280266305273cb545f54516ced95b93"

[solve-meta]
  analyzer-name = "dep"
  analyzer-version = 1
  inputs-digest = "89d51bbaf4b44e193e34ee4e621bf0e1b8aa108c0c724ec6507e1b9d7ac4b833"
  solver-name = "gps-cdcl"
  solver-version = 1
